
Microsoft Visual Studio Solution File, Format Version 11.00
# Visual Studio 2010
Project("{FAE04EC0-301F-11D3-BF4B-00C04F79EFBC}") = "ClienteClioLogic", "ClienteClio\ClienteClioLogic.csproj", "{5C926698-B02D-4EB4-BFE8-9AEA8BCBC443}"
EndProject
Project("{FAE04EC0-301F-11D3-BF4B-00C04F79EFBC}") = "ClienteClioService", "ServicioClienteClio\ClienteClioService.csproj", "{D5007E84-AA51-4F03-BDCB-E02B0A0372DA}"
EndProject
Project("{FAE04EC0-301F-11D3-BF4B-00C04F79EFBC}") = "ClienteClioView", "ClienteClioView\ClienteClioView.csproj", "{E3EB9DD4-E875-4ACF-BE7B-7E19E541184B}"
EndProject
Project("{FAE04EC0-301F-11D3-BF4B-00C04F79EFBC}") = "CommunicationsClioLibrary", "ComunicacionesClienteClio\CommunicationsClioLibrary.csproj", "{5954977A-1E34-4A76-B9EF-ABA121D89133}"
EndProject
Project("{FAE04EC0-301F-11D3-BF4B-00C04F79EFBC}") = "ClienteClioMain", "ClienteClioMain\ClienteClioMain.csproj", "{C6C40D16-ADA5-47BA-B18F-1B7EDF0B26BC}"
EndProject
Project("{FAE04EC0-301F-11D3-BF4B-00C04F79EFBC}") = "ClienteClioTest", "ClienteClioTest\ClienteClioTest.csproj", "{93EF9C81-C1FD-4099-AFD8-260E9EFCF8D9}"
EndProject
Project("{2150E333-8FDC-42A3-9474-1A3956D46DE8}") = "Solution Items", "Solution Items", "{35931B61-312E-4635-90E5-E1DD24089512}"
	ProjectSection(SolutionItems) = preProject
		ClienteClio.vsmdi = ClienteClio.vsmdi
		Local.testsettings = Local.testsettings
		TraceAndTestImpact.testsettings = TraceAndTestImpact.testsettings
	EndProjectSection
EndProject
Global
	GlobalSection(TestCaseManagementSettings) = postSolution
		CategoryFile = ClienteClio.vsmdi
	EndGlobalSection
	GlobalSection(SolutionConfigurationPlatforms) = preSolution
		Debug|Any CPU = Debug|Any CPU
		Debug|Mixed Platforms = Debug|Mixed Platforms
		Debug|x86 = Debug|x86
		Release|Any CPU = Release|Any CPU
		Release|Mixed Platforms = Release|Mixed Platforms
		Release|x86 = Release|x86
	EndGlobalSection
	GlobalSection(ProjectConfigurationPlatforms) = postSolution
		{5C926698-B02D-4EB4-BFE8-9AEA8BCBC443}.Debug|Any CPU.ActiveCfg = Debug|x86
		{5C926698-B02D-4EB4-BFE8-9AEA8BCBC443}.Debug|Mixed Platforms.ActiveCfg = Debug|x86
		{5C926698-B02D-4EB4-BFE8-9AEA8BCBC443}.Debug|Mixed Platforms.Build.0 = Debug|x86
		{5C926698-B02D-4EB4-BFE8-9AEA8BCBC443}.Debug|x86.ActiveCfg = Debug|x86
		{5C926698-B02D-4EB4-BFE8-9AEA8BCBC443}.Debug|x86.Build.0 = Debug|x86
		{5C926698-B02D-4EB4-BFE8-9AEA8BCBC443}.Release|Any CPU.ActiveCfg = Release|x86
		{5C926698-B02D-4EB4-BFE8-9AEA8BCBC443}.Release|Mixed Platforms.ActiveCfg = Release|x86
		{5C926698-B02D-4EB4-BFE8-9AEA8BCBC443}.Release|Mixed Platforms.Build.0 = Release|x86
		{5C926698-B02D-4EB4-BFE8-9AEA8BCBC443}.Release|x86.ActiveCfg = Release|x86
		{5C926698-B02D-4EB4-BFE8-9AEA8BCBC443}.Release|x86.Build.0 = Release|x86
		{D5007E84-AA51-4F03-BDCB-E02B0A0372DA}.Debug|Any CPU.ActiveCfg = Debug|x86
		{D5007E84-AA51-4F03-BDCB-E02B0A0372DA}.Debug|Mixed Platforms.ActiveCfg = Debug|x86
		{D5007E84-AA51-4F03-BDCB-E02B0A0372DA}.Debug|Mixed Platforms.Build.0 = Debug|x86
		{D5007E84-AA51-4F03-BDCB-E02B0A0372DA}.Debug|x86.ActiveCfg = Debug|x86
		{D5007E84-AA51-4F03-BDCB-E02B0A0372DA}.Debug|x86.Build.0 = Debug|x86
		{D5007E84-AA51-4F03-BDCB-E02B0A0372DA}.Release|Any CPU.ActiveCfg = Release|x86
		{D5007E84-AA51-4F03-BDCB-E02B0A0372DA}.Release|Mixed Platforms.ActiveCfg = Release|x86
		{D5007E84-AA51-4F03-BDCB-E02B0A0372DA}.Release|Mixed Platforms.Build.0 = Release|x86
		{D5007E84-AA51-4F03-BDCB-E02B0A0372DA}.Release|x86.ActiveCfg = Release|x86
		{D5007E84-AA51-4F03-BDCB-E02B0A0372DA}.Release|x86.Build.0 = Release|x86
		{E3EB9DD4-E875-4ACF-BE7B-7E19E541184B}.Debug|Any CPU.ActiveCfg = Debug|x86
		{E3EB9DD4-E875-4ACF-BE7B-7E19E541184B}.Debug|Mixed Platforms.ActiveCfg = Debug|x86
		{E3EB9DD4-E875-4ACF-BE7B-7E19E541184B}.Debug|Mixed Platforms.Build.0 = Debug|x86
		{E3EB9DD4-E875-4ACF-BE7B-7E19E541184B}.Debug|x86.ActiveCfg = Debug|x86
		{E3EB9DD4-E875-4ACF-BE7B-7E19E541184B}.Debug|x86.Build.0 = Debug|x86
		{E3EB9DD4-E875-4ACF-BE7B-7E19E541184B}.Release|Any CPU.ActiveCfg = Release|x86
		{E3EB9DD4-E875-4ACF-BE7B-7E19E541184B}.Release|Mixed Platforms.ActiveCfg = Release|x86
		{E3EB9DD4-E875-4ACF-BE7B-7E19E541184B}.Release|Mixed Platforms.Build.0 = Release|x86
		{E3EB9DD4-E875-4ACF-BE7B-7E19E541184B}.Release|x86.ActiveCfg = Release|x86
		{E3EB9DD4-E875-4ACF-BE7B-7E19E541184B}.Release|x86.Build.0 = Release|x86
		{5954977A-1E34-4A76-B9EF-ABA121D89133}.Debug|Any CPU.ActiveCfg = Debug|x86
		{5954977A-1E34-4A76-B9EF-ABA121D89133}.Debug|Mixed Platforms.ActiveCfg = Debug|x86
		{5954977A-1E34-4A76-B9EF-ABA121D89133}.Debug|Mixed Platforms.Build.0 = Debug|x86
		{5954977A-1E34-4A76-B9EF-ABA121D89133}.Debug|x86.ActiveCfg = Debug|x86
		{5954977A-1E34-4A76-B9EF-ABA121D89133}.Debug|x86.Build.0 = Debug|x86
		{5954977A-1E34-4A76-B9EF-ABA121D89133}.Release|Any CPU.ActiveCfg = Release|x86
		{5954977A-1E34-4A76-B9EF-ABA121D89133}.Release|Mixed Platforms.ActiveCfg = Release|x86
		{5954977A-1E34-4A76-B9EF-ABA121D89133}.Release|Mixed Platforms.Build.0 = Release|x86
		{5954977A-1E34-4A76-B9EF-ABA121D89133}.Release|x86.ActiveCfg = Release|x86
		{5954977A-1E34-4A76-B9EF-ABA121D89133}.Release|x86.Build.0 = Release|x86
		{C6C40D16-ADA5-47BA-B18F-1B7EDF0B26BC}.Debug|Any CPU.ActiveCfg = Debug|x86
		{C6C40D16-ADA5-47BA-B18F-1B7EDF0B26BC}.Debug|Mixed Platforms.ActiveCfg = Debug|x86
		{C6C40D16-ADA5-47BA-B18F-1B7EDF0B26BC}.Debug|Mixed Platforms.Build.0 = Debug|x86
		{C6C40D16-ADA5-47BA-B18F-1B7EDF0B26BC}.Debug|x86.ActiveCfg = Debug|x86
		{C6C40D16-ADA5-47BA-B18F-1B7EDF0B26BC}.Debug|x86.Build.0 = Debug|x86
		{C6C40D16-ADA5-47BA-B18F-1B7EDF0B26BC}.Release|Any CPU.ActiveCfg = Release|x86
		{C6C40D16-ADA5-47BA-B18F-1B7EDF0B26BC}.Release|Mixed Platforms.ActiveCfg = Release|x86
		{C6C40D16-ADA5-47BA-B18F-1B7EDF0B26BC}.Release|Mixed Platforms.Build.0 = Release|x86
		{C6C40D16-ADA5-47BA-B18F-1B7EDF0B26BC}.Release|x86.ActiveCfg = Release|x86
		{C6C40D16-ADA5-47BA-B18F-1B7EDF0B26BC}.Release|x86.Build.0 = Release|x86
		{93EF9C81-C1FD-4099-AFD8-260E9EFCF8D9}.Debug|Any CPU.ActiveCfg = Debug|Any CPU
		{93EF9C81-C1FD-4099-AFD8-260E9EFCF8D9}.Debug|Any CPU.Build.0 = Debug|Any CPU
		{93EF9C81-C1FD-4099-AFD8-260E9EFCF8D9}.Debug|Mixed Platforms.ActiveCfg = Debug|Any CPU
		{93EF9C81-C1FD-4099-AFD8-260E9EFCF8D9}.Debug|Mixed Platforms.Build.0 = Debug|Any CPU
		{93EF9C81-C1FD-4099-AFD8-260E9EFCF8D9}.Debug|x86.ActiveCfg = Debug|Any CPU
		{93EF9C81-C1FD-4099-AFD8-260E9EFCF8D9}.Release|Any CPU.ActiveCfg = Release|Any CPU
		{93EF9C81-C1FD-4099-AFD8-260E9EFCF8D9}.Release|Any CPU.Build.0 = Release|Any CPU
		{93EF9C81-C1FD-4099-AFD8-260E9EFCF8D9}.Release|Mixed Platforms.ActiveCfg = Release|Any CPU
		{93EF9C81-C1FD-4099-AFD8-260E9EFCF8D9}.Release|Mixed Platforms.Build.0 = Release|Any CPU
		{93EF9C81-C1FD-4099-AFD8-260E9EFCF8D9}.Release|x86.ActiveCfg = Release|Any CPU
	EndGlobalSection
	GlobalSection(SolutionProperties) = preSolution
		HideSolutionNode = FALSE
	EndGlobalSection
EndGlobal
